
Microsoft Visual Studio Solution File, Format Version 12.00
# Visual Studio Version 16
VisualStudioVersion = 16.0.29025.244
MinimumVisualStudioVersion = 10.0.40219.1
Project("{39CF81E1-D2C3-4DF4-886A-8E1C57BE82AD}") = "RadPdfCoreDemoNoService", "RadPdfCoreDemoNoService.csproj", "{756C004F-CD13-415B-8F7F-F225AC7621E2}"
EndProject
Global
	GlobalSection(SolutionConfigurationPlatforms) = preSolution
		Debug|Any CPU = Debug|Any CPU
		Release|Any CPU = Release|Any CPU
	EndGlobalSection
	GlobalSection(ProjectConfigurationPlatforms) = postSolution
		{756C004F-CD13-415B-8F7F-F225AC7621E2}.Debug|Any CPU.ActiveCfg = Debug|Any CPU
		{756C004F-CD13-415B-8F7F-F225AC7621E2}.Debug|Any CPU.Build.0 = Debug|Any CPU
		{756C004F-CD13-415B-8F7F-F225AC7621E2}.Release|Any CPU.ActiveCfg = Release|Any CPU
		{756C004F-CD13-415B-8F7F-F225AC7621E2}.Release|Any CPU.Build.0 = Release|Any CPU
	EndGlobalSection
	GlobalSection(SolutionProperties) = preSolution
		HideSolutionNode = FALSE
	EndGlobalSection
	GlobalSection(ExtensibilityGlobals) = postSolution
		SolutionGuid = {7D338706-14CE-4098-859E-2F5AE2EFFDE2}
	EndGlobalSection
EndGlobal
