
Microsoft Visual Studio Solution File, Format Version 11.00
# Visual Studio 2010
Project("{FAE04EC0-301F-11D3-BF4B-00C04F79EFBC}") = "CS_WebForms", "CS_WebForms\CS_WebForms.csproj", "{DF2831A5-1A42-4BA5-BAE9-FE1865977579}"
EndProject
Project("{FAE04EC0-301F-11D3-BF4B-00C04F79EFBC}") = "CS_MVC3", "CS_MVC3\CS_MVC3.csproj", "{E3B1713B-9634-4B60-889C-241BA46536B9}"
EndProject
Project("{FAE04EC0-301F-11D3-BF4B-00C04F79EFBC}") = "CS_MVC4", "CS_MVC4\CS_MVC4.csproj", "{C7164633-3A88-4A22-9948-7654A41536E6}"
EndProject
Project("{FAE04EC0-301F-11D3-BF4B-00C04F79EFBC}") = "CS_UI", "CS_UI\CS_UI.csproj", "{393525BD-A94D-405F-8723-6FD0D878F747}"
EndProject
Project("{F184B08F-C81C-45F6-A57F-5ABD9991F28F}") = "VB_WebForms", "VB_WebForms\VB_WebForms.vbproj", "{2AEBC96F-6F8F-42DD-89B4-85ADF24E4475}"
EndProject
Global
	GlobalSection(SolutionConfigurationPlatforms) = preSolution
		Debug|x86 = Debug|x86
		Release|x86 = Release|x86
	EndGlobalSection
	GlobalSection(ProjectConfigurationPlatforms) = postSolution
		{DF2831A5-1A42-4BA5-BAE9-FE1865977579}.Debug|x86.ActiveCfg = Debug|x86
		{DF2831A5-1A42-4BA5-BAE9-FE1865977579}.Debug|x86.Build.0 = Debug|x86
		{DF2831A5-1A42-4BA5-BAE9-FE1865977579}.Release|x86.ActiveCfg = Release|x86
		{DF2831A5-1A42-4BA5-BAE9-FE1865977579}.Release|x86.Build.0 = Release|x86
		{E3B1713B-9634-4B60-889C-241BA46536B9}.Debug|x86.ActiveCfg = Debug|x86
		{E3B1713B-9634-4B60-889C-241BA46536B9}.Release|x86.ActiveCfg = Release|x86
		{E3B1713B-9634-4B60-889C-241BA46536B9}.Release|x86.Build.0 = Release|x86
		{C7164633-3A88-4A22-9948-7654A41536E6}.Debug|x86.ActiveCfg = Debug|x86
		{C7164633-3A88-4A22-9948-7654A41536E6}.Release|x86.ActiveCfg = Release|x86
		{C7164633-3A88-4A22-9948-7654A41536E6}.Release|x86.Build.0 = Release|x86
		{393525BD-A94D-405F-8723-6FD0D878F747}.Debug|x86.ActiveCfg = Debug|x86
		{393525BD-A94D-405F-8723-6FD0D878F747}.Release|x86.ActiveCfg = Release|x86
		{393525BD-A94D-405F-8723-6FD0D878F747}.Release|x86.Build.0 = Release|x86
		{2AEBC96F-6F8F-42DD-89B4-85ADF24E4475}.Debug|x86.ActiveCfg = Debug|x86
		{2AEBC96F-6F8F-42DD-89B4-85ADF24E4475}.Release|x86.ActiveCfg = Release|x86
		{2AEBC96F-6F8F-42DD-89B4-85ADF24E4475}.Release|x86.Build.0 = Release|x86
	EndGlobalSection
	GlobalSection(SolutionProperties) = preSolution
		HideSolutionNode = FALSE
	EndGlobalSection
EndGlobal
