
Microsoft Visual Studio Solution File, Format Version 12.00
# Visual Studio Version 17
VisualStudioVersion = 17.0.31612.314
MinimumVisualStudioVersion = 10.0.40219.1
Project("{FAE04EC0-301F-11D3-BF4B-00C04F79EFBC}") = "CS_WebForms", "CS_WebForms\CS_WebForms.csproj", "{DF2831A5-1A42-4BA5-BAE9-FE1865977579}"
EndProject
Project("{FAE04EC0-301F-11D3-BF4B-00C04F79EFBC}") = "CS_MVC5", "CS_MVC5\CS_MVC5.csproj", "{E3B1713B-9634-4B60-889C-241BA46536B9}"
EndProject
Project("{FAE04EC0-301F-11D3-BF4B-00C04F79EFBC}") = "CS_UI", "CS_UI\CS_UI.csproj", "{393525BD-A94D-405F-8723-6FD0D878F747}"
EndProject
Project("{9A19103F-16F7-4668-BE54-9A1E7A4F7556}") = "RadPdfNet5Demo", "CS_NET5\RadPdfNet5Demo.csproj", "{BDC724AD-6143-4BA6-9410-D9656E2CB239}"
EndProject
Project("{9A19103F-16F7-4668-BE54-9A1E7A4F7556}") = "RadPdfNet5DemoNoService", "CS_NET5_No_Service\RadPdfNet5DemoNoService.csproj", "{838F928C-E036-4899-8CE6-6E620A056FC0}"
EndProject
Project("{F184B08F-C81C-45F6-A57F-5ABD9991F28F}") = "VB_WebForms", "VB_WebForms\VB_WebForms.vbproj", "{2AEBC96F-6F8F-42DD-89B4-85ADF24E4475}"
EndProject
Project("{9A19103F-16F7-4668-BE54-9A1E7A4F7556}") = "RadPdfNet6Demo", "CS_NET6\RadPdfNet6Demo.csproj", "{9F7DE06B-8C90-4F9F-B928-4F84469F5C3C}"
EndProject
Project("{9A19103F-16F7-4668-BE54-9A1E7A4F7556}") = "RadPdfNet6DemoNoService", "CS_NET6_No_Service\RadPdfNet6DemoNoService.csproj", "{22003A77-4A40-4755-8552-6CD74D2A5BA1}"
EndProject
Project("{9A19103F-16F7-4668-BE54-9A1E7A4F7556}") = "RadPdfNet7Demo", "CS_NET7\RadPdfNet7Demo.csproj", "{DD906793-9E3D-4814-BC6B-1FE93F6A8E36}"
EndProject
Project("{9A19103F-16F7-4668-BE54-9A1E7A4F7556}") = "RadPdfNet8Demo", "CS_NET8\RadPdfNet8Demo.csproj", "{A316F029-9A53-44F9-B350-2EDE1D600650}"
EndProject
Global
	GlobalSection(SolutionConfigurationPlatforms) = preSolution
		Debug|x86 = Debug|x86
		Release|x86 = Release|x86
	EndGlobalSection
	GlobalSection(ProjectConfigurationPlatforms) = postSolution
		{DF2831A5-1A42-4BA5-BAE9-FE1865977579}.Debug|x86.ActiveCfg = Debug|x86
		{DF2831A5-1A42-4BA5-BAE9-FE1865977579}.Debug|x86.Build.0 = Debug|x86
		{DF2831A5-1A42-4BA5-BAE9-FE1865977579}.Release|x86.ActiveCfg = Release|x86
		{DF2831A5-1A42-4BA5-BAE9-FE1865977579}.Release|x86.Build.0 = Release|x86
		{E3B1713B-9634-4B60-889C-241BA46536B9}.Debug|x86.ActiveCfg = Debug|x86
		{E3B1713B-9634-4B60-889C-241BA46536B9}.Debug|x86.Build.0 = Debug|x86
		{E3B1713B-9634-4B60-889C-241BA46536B9}.Release|x86.ActiveCfg = Release|x86
		{E3B1713B-9634-4B60-889C-241BA46536B9}.Release|x86.Build.0 = Release|x86
		{393525BD-A94D-405F-8723-6FD0D878F747}.Debug|x86.ActiveCfg = Debug|x86
		{393525BD-A94D-405F-8723-6FD0D878F747}.Debug|x86.Build.0 = Debug|x86
		{393525BD-A94D-405F-8723-6FD0D878F747}.Release|x86.ActiveCfg = Release|x86
		{393525BD-A94D-405F-8723-6FD0D878F747}.Release|x86.Build.0 = Release|x86
		{BDC724AD-6143-4BA6-9410-D9656E2CB239}.Debug|x86.ActiveCfg = Debug|Any CPU
		{BDC724AD-6143-4BA6-9410-D9656E2CB239}.Debug|x86.Build.0 = Debug|Any CPU
		{BDC724AD-6143-4BA6-9410-D9656E2CB239}.Release|x86.ActiveCfg = Release|Any CPU
		{BDC724AD-6143-4BA6-9410-D9656E2CB239}.Release|x86.Build.0 = Release|Any CPU
		{838F928C-E036-4899-8CE6-6E620A056FC0}.Debug|x86.ActiveCfg = Debug|Any CPU
		{838F928C-E036-4899-8CE6-6E620A056FC0}.Debug|x86.Build.0 = Debug|Any CPU
		{838F928C-E036-4899-8CE6-6E620A056FC0}.Release|x86.ActiveCfg = Release|Any CPU
		{838F928C-E036-4899-8CE6-6E620A056FC0}.Release|x86.Build.0 = Release|Any CPU
		{2AEBC96F-6F8F-42DD-89B4-85ADF24E4475}.Debug|x86.ActiveCfg = Debug|x86
		{2AEBC96F-6F8F-42DD-89B4-85ADF24E4475}.Debug|x86.Build.0 = Debug|x86
		{2AEBC96F-6F8F-42DD-89B4-85ADF24E4475}.Release|x86.ActiveCfg = Release|x86
		{2AEBC96F-6F8F-42DD-89B4-85ADF24E4475}.Release|x86.Build.0 = Release|x86
		{9F7DE06B-8C90-4F9F-B928-4F84469F5C3C}.Debug|x86.ActiveCfg = Debug|Any CPU
		{9F7DE06B-8C90-4F9F-B928-4F84469F5C3C}.Debug|x86.Build.0 = Debug|Any CPU
		{9F7DE06B-8C90-4F9F-B928-4F84469F5C3C}.Release|x86.ActiveCfg = Release|Any CPU
		{9F7DE06B-8C90-4F9F-B928-4F84469F5C3C}.Release|x86.Build.0 = Release|Any CPU
		{22003A77-4A40-4755-8552-6CD74D2A5BA1}.Debug|x86.ActiveCfg = Debug|Any CPU
		{22003A77-4A40-4755-8552-6CD74D2A5BA1}.Debug|x86.Build.0 = Debug|Any CPU
		{22003A77-4A40-4755-8552-6CD74D2A5BA1}.Release|x86.ActiveCfg = Release|Any CPU
		{22003A77-4A40-4755-8552-6CD74D2A5BA1}.Release|x86.Build.0 = Release|Any CPU
		{DD906793-9E3D-4814-BC6B-1FE93F6A8E36}.Debug|x86.ActiveCfg = Debug|Any CPU
		{DD906793-9E3D-4814-BC6B-1FE93F6A8E36}.Debug|x86.Build.0 = Debug|Any CPU
		{DD906793-9E3D-4814-BC6B-1FE93F6A8E36}.Release|x86.ActiveCfg = Release|Any CPU
		{DD906793-9E3D-4814-BC6B-1FE93F6A8E36}.Release|x86.Build.0 = Release|Any CPU
		{A316F029-9A53-44F9-B350-2EDE1D600650}.Debug|x86.ActiveCfg = Debug|Any CPU
		{A316F029-9A53-44F9-B350-2EDE1D600650}.Debug|x86.Build.0 = Debug|Any CPU
		{A316F029-9A53-44F9-B350-2EDE1D600650}.Release|x86.ActiveCfg = Release|Any CPU
		{A316F029-9A53-44F9-B350-2EDE1D600650}.Release|x86.Build.0 = Release|Any CPU
	EndGlobalSection
	GlobalSection(SolutionProperties) = preSolution
		HideSolutionNode = FALSE
	EndGlobalSection
	GlobalSection(ExtensibilityGlobals) = postSolution
		SolutionGuid = {F10A6DE8-0EE4-4EC7-B146-0D11A1607A58}
	EndGlobalSection
EndGlobal
