
Microsoft Visual Studio Solution File, Format Version 12.00
# Visual Studio 15
VisualStudioVersion = 15.0.26228.10
MinimumVisualStudioVersion = 10.0.40219.1
Project("{FAE04EC0-301F-11D3-BF4B-00C04F79EFBC}") = "CS", "CS\CS.csproj", "{DF2831A5-1A42-4BA5-BAE9-FE1865977579}"
EndProject
Project("{FAE04EC0-301F-11D3-BF4B-00C04F79EFBC}") = "CS_MVC5", "CS_MVC5\CS_MVC5.csproj", "{E3B1713B-9634-4B60-889C-241BA46536B9}"
EndProject
Project("{FAE04EC0-301F-11D3-BF4B-00C04F79EFBC}") = "CS_UI", "CS_UI\CS_UI.csproj", "{393525BD-A94D-405F-8723-6FD0D878F747}"
EndProject
Project("{F184B08F-C81C-45F6-A57F-5ABD9991F28F}") = "VB", "VB\VB.vbproj", "{2AEBC96F-6F8F-42DD-89B4-85ADF24E4475}"
EndProject
Global
	GlobalSection(SolutionConfigurationPlatforms) = preSolution
		Debug|Any CPU = Debug|Any CPU
		Release|Any CPU = Release|Any CPU
	EndGlobalSection
	GlobalSection(ProjectConfigurationPlatforms) = postSolution
		{E3B1713B-9634-4B60-889C-241BA46536B9}.Debug|Any CPU.ActiveCfg = Debug|Any CPU
		{E3B1713B-9634-4B60-889C-241BA46536B9}.Debug|Any CPU.Build.0 = Debug|Any CPU
		{E3B1713B-9634-4B60-889C-241BA46536B9}.Release|Any CPU.ActiveCfg = Release|Any CPU
		{E3B1713B-9634-4B60-889C-241BA46536B9}.Release|Any CPU.Build.0 = Release|Any CPU
		{DF2831A5-1A42-4BA5-BAE9-FE1865977579}.Debug|Any CPU.ActiveCfg = Debug|Any CPU
		{DF2831A5-1A42-4BA5-BAE9-FE1865977579}.Debug|Any CPU.Build.0 = Debug|Any CPU
		{DF2831A5-1A42-4BA5-BAE9-FE1865977579}.Release|Any CPU.ActiveCfg = Release|Any CPU
		{DF2831A5-1A42-4BA5-BAE9-FE1865977579}.Release|Any CPU.Build.0 = Release|Any CPU
		{393525BD-A94D-405F-8723-6FD0D878F747}.Debug|Any CPU.ActiveCfg = Debug|Any CPU
		{393525BD-A94D-405F-8723-6FD0D878F747}.Debug|Any CPU.Build.0 = Debug|Any CPU
		{393525BD-A94D-405F-8723-6FD0D878F747}.Release|Any CPU.ActiveCfg = Release|Any CPU
		{393525BD-A94D-405F-8723-6FD0D878F747}.Release|Any CPU.Build.0 = Release|Any CPU
		{2AEBC96F-6F8F-42DD-89B4-85ADF24E4475}.Debug|Any CPU.ActiveCfg = Debug|Any CPU
		{2AEBC96F-6F8F-42DD-89B4-85ADF24E4475}.Debug|Any CPU.Build.0 = Debug|Any CPU
		{2AEBC96F-6F8F-42DD-89B4-85ADF24E4475}.Release|Any CPU.ActiveCfg = Release|Any CPU
		{2AEBC96F-6F8F-42DD-89B4-85ADF24E4475}.Release|Any CPU.Build.0 = Release|Any CPU
	EndGlobalSection
	GlobalSection(SolutionProperties) = preSolution
		HideSolutionNode = FALSE
	EndGlobalSection
EndGlobal
