
Microsoft Visual Studio Solution File, Format Version 12.00
# Visual Studio Version 18
VisualStudioVersion = 18.0.11005.162 d18.0
MinimumVisualStudioVersion = 10.0.40219.1
Project("{FAE04EC0-301F-11D3-BF4B-00C04F79EFBC}") = "CS_WebForms.x64", "CS_WebForms\CS_WebForms.x64.csproj", "{AAF7DECE-E77F-441F-92E2-03D9834AE6C1}"
EndProject
Project("{F184B08F-C81C-45F6-A57F-5ABD9991F28F}") = "VB_WebForms.x64", "VB_WebForms\VB_WebForms.x64.vbproj", "{74400F56-C1BB-41CF-A869-E55AF7A690D8}"
EndProject
Project("{9A19103F-16F7-4668-BE54-9A1E7A4F7556}") = "RadPdfNet8Demo", "CS_NET8\RadPdfNet8Demo.csproj", "{69758CB6-EA7A-4870-8909-277AFEBF516E}"
EndProject
Project("{FAE04EC0-301F-11D3-BF4B-00C04F79EFBC}") = "RadPdfNet8DemoNoService", "CS_NET8_No_Service\RadPdfNet8DemoNoService.csproj", "{6076E7FB-0EEB-D319-E929-E51309347307}"
EndProject
Project("{FAE04EC0-301F-11D3-BF4B-00C04F79EFBC}") = "RadPdfNet9Demo", "CS_NET9\RadPdfNet9Demo.csproj", "{8D0E047F-60E1-9FA7-F4EA-14DCFC9C8BAE}"
EndProject
Project("{FAE04EC0-301F-11D3-BF4B-00C04F79EFBC}") = "RadPdfNet10Demo", "CS_NET10\RadPdfNet10Demo.csproj", "{013DB996-7954-249E-ED80-E4B27B00550B}"
EndProject
Project("{FAE04EC0-301F-11D3-BF4B-00C04F79EFBC}") = "RadPdfNet10DemoNoService", "CS_NET10_No_Service\RadPdfNet10DemoNoService.csproj", "{B4BAE386-9EDA-0E92-D246-8688D2C4CFDF}"
EndProject
Global
	GlobalSection(SolutionConfigurationPlatforms) = preSolution
		Debug|x64 = Debug|x64
		Release|x64 = Release|x64
	EndGlobalSection
	GlobalSection(ProjectConfigurationPlatforms) = postSolution
		{AAF7DECE-E77F-441F-92E2-03D9834AE6C1}.Debug|x64.ActiveCfg = Debug|x64
		{AAF7DECE-E77F-441F-92E2-03D9834AE6C1}.Debug|x64.Build.0 = Debug|x64
		{AAF7DECE-E77F-441F-92E2-03D9834AE6C1}.Release|x64.ActiveCfg = Release|x64
		{AAF7DECE-E77F-441F-92E2-03D9834AE6C1}.Release|x64.Build.0 = Release|x64
		{74400F56-C1BB-41CF-A869-E55AF7A690D8}.Debug|x64.ActiveCfg = Debug|x64
		{74400F56-C1BB-41CF-A869-E55AF7A690D8}.Debug|x64.Build.0 = Debug|x64
		{74400F56-C1BB-41CF-A869-E55AF7A690D8}.Release|x64.ActiveCfg = Release|x64
		{74400F56-C1BB-41CF-A869-E55AF7A690D8}.Release|x64.Build.0 = Release|x64
		{69758CB6-EA7A-4870-8909-277AFEBF516E}.Debug|x64.ActiveCfg = Debug|Any CPU
		{69758CB6-EA7A-4870-8909-277AFEBF516E}.Debug|x64.Build.0 = Debug|Any CPU
		{69758CB6-EA7A-4870-8909-277AFEBF516E}.Release|x64.ActiveCfg = Release|Any CPU
		{69758CB6-EA7A-4870-8909-277AFEBF516E}.Release|x64.Build.0 = Release|Any CPU
		{6076E7FB-0EEB-D319-E929-E51309347307}.Debug|x64.ActiveCfg = Debug|Any CPU
		{6076E7FB-0EEB-D319-E929-E51309347307}.Debug|x64.Build.0 = Debug|Any CPU
		{6076E7FB-0EEB-D319-E929-E51309347307}.Release|x64.ActiveCfg = Release|Any CPU
		{6076E7FB-0EEB-D319-E929-E51309347307}.Release|x64.Build.0 = Release|Any CPU
		{8D0E047F-60E1-9FA7-F4EA-14DCFC9C8BAE}.Debug|x64.ActiveCfg = Debug|Any CPU
		{8D0E047F-60E1-9FA7-F4EA-14DCFC9C8BAE}.Debug|x64.Build.0 = Debug|Any CPU
		{8D0E047F-60E1-9FA7-F4EA-14DCFC9C8BAE}.Release|x64.ActiveCfg = Release|Any CPU
		{8D0E047F-60E1-9FA7-F4EA-14DCFC9C8BAE}.Release|x64.Build.0 = Release|Any CPU
		{013DB996-7954-249E-ED80-E4B27B00550B}.Debug|x64.ActiveCfg = Debug|Any CPU
		{013DB996-7954-249E-ED80-E4B27B00550B}.Debug|x64.Build.0 = Debug|Any CPU
		{013DB996-7954-249E-ED80-E4B27B00550B}.Release|x64.ActiveCfg = Release|Any CPU
		{013DB996-7954-249E-ED80-E4B27B00550B}.Release|x64.Build.0 = Release|Any CPU
		{B4BAE386-9EDA-0E92-D246-8688D2C4CFDF}.Debug|x64.ActiveCfg = Debug|Any CPU
		{B4BAE386-9EDA-0E92-D246-8688D2C4CFDF}.Debug|x64.Build.0 = Debug|Any CPU
		{B4BAE386-9EDA-0E92-D246-8688D2C4CFDF}.Release|x64.ActiveCfg = Release|Any CPU
		{B4BAE386-9EDA-0E92-D246-8688D2C4CFDF}.Release|x64.Build.0 = Release|Any CPU
	EndGlobalSection
	GlobalSection(SolutionProperties) = preSolution
		HideSolutionNode = FALSE
	EndGlobalSection
	GlobalSection(ExtensibilityGlobals) = postSolution
		SolutionGuid = {F10A6DE8-0EE4-4EC7-B146-0D11A1607A58}
	EndGlobalSection
EndGlobal
