
Microsoft Visual Studio Solution File, Format Version 12.00
# Visual Studio Version 17
VisualStudioVersion = 17.0.31612.314
MinimumVisualStudioVersion = 10.0.40219.1
Project("{9A19103F-16F7-4668-BE54-9A1E7A4F7556}") = "RadPdfNet9Demo", "RadPdfNet9Demo.csproj", "{F579C3B2-430B-4600-883C-FC9ECAA8371B}"
EndProject
Global
	GlobalSection(SolutionConfigurationPlatforms) = preSolution
		Debug|Any CPU = Debug|Any CPU
		Release|Any CPU = Release|Any CPU
	EndGlobalSection
	GlobalSection(ProjectConfigurationPlatforms) = postSolution
		{F579C3B2-430B-4600-883C-FC9ECAA8371B}.Debug|Any CPU.ActiveCfg = Debug|Any CPU
		{F579C3B2-430B-4600-883C-FC9ECAA8371B}.Debug|Any CPU.Build.0 = Debug|Any CPU
		{F579C3B2-430B-4600-883C-FC9ECAA8371B}.Release|Any CPU.ActiveCfg = Release|Any CPU
		{F579C3B2-430B-4600-883C-FC9ECAA8371B}.Release|Any CPU.Build.0 = Release|Any CPU
	EndGlobalSection
	GlobalSection(SolutionProperties) = preSolution
		HideSolutionNode = FALSE
	EndGlobalSection
	GlobalSection(ExtensibilityGlobals) = postSolution
		SolutionGuid = {7D338706-14CE-4098-859E-2F5AE2EFFDE2}
	EndGlobalSection
EndGlobal
